// !$*UTF8*$!
{
	archiveVersion = 1;
	classes = {
	};
	objectVersion = 50;
	objects = {

/* Begin PBXBuildFile section */
		671403AA237C29EE0068ED88 /* AppDelegate.swift in Sources */ = {isa = PBXBuildFile; fileRef = 671403A9237C29EE0068ED88 /* AppDelegate.swift */; };
		671403AC237C29EE0068ED88 /* SceneDelegate.swift in Sources */ = {isa = PBXBuildFile; fileRef = 671403AB237C29EE0068ED88 /* SceneDelegate.swift */; };
		671403AE237C29EE0068ED88 /* ViewController.swift in Sources */ = {isa = PBXBuildFile; fileRef = 671403AD237C29EE0068ED88 /* ViewController.swift */; };
		671403B1237C29EE0068ED88 /* Main.storyboard in Resources */ = {isa = PBXBuildFile; fileRef = 671403AF237C29EE0068ED88 /* Main.storyboard */; };
		671403B3237C29F20068ED88 /* Assets.xcassets in Resources */ = {isa = PBXBuildFile; fileRef = 671403B2237C29F20068ED88 /* Assets.xcassets */; };
		671403B6237C29F20068ED88 /* LaunchScreen.storyboard in Resources */ = {isa = PBXBuildFile; fileRef = 671403B4237C29F20068ED88 /* LaunchScreen.storyboard */; };
		671403C1237C29F30068ED88 /* AlamofireTestTests.swift in Sources */ = {isa = PBXBuildFile; fileRef = 671403C0237C29F30068ED88 /* AlamofireTestTests.swift */; };
		671403CC237C29F30068ED88 /* AlamofireTestUITests.swift in Sources */ = {isa = PBXBuildFile; fileRef = 671403CB237C29F30068ED88 /* AlamofireTestUITests.swift */; };
/* End PBXBuildFile section */

/* Begin PBXContainerItemProxy section */
		671403BD237C29F20068ED88 /* PBXContainerItemProxy */ = {
			isa = PBXContainerItemProxy;
			containerPortal = 6714039E237C29EE0068ED88 /* Project object */;
			proxyType = 1;
			remoteGlobalIDString = 671403A5237C29EE0068ED88;
			remoteInfo = AlamofireTest;
		};
		671403C8237C29F30068ED88 /* PBXContainerItemProxy */ = {
			isa = PBXContainerItemProxy;
			containerPortal = 6714039E237C29EE0068ED88 /* Project object */;
			proxyType = 1;
			remoteGlobalIDString = 671403A5237C29EE0068ED88;
			remoteInfo = AlamofireTest;
		};
/* End PBXContainerItemProxy section */

/* Begin PBXFileReference section */
		671403A6237C29EE0068ED88 /* AlamofireTest.app */ = {isa = PBXFileReference; explicitFileType = wrapper.application; includeInIndex = 0; path = AlamofireTest.app; sourceTree = BUILT_PRODUCTS_DIR; };
		671403A9237C29EE0068ED88 /* AppDelegate.swift */ = {isa = PBXFileReference; lastKnownFileType = sourcecode.swift; path = AppDelegate.swift; sourceTree = "<group>"; };
		671403AB237C29EE0068ED88 /* SceneDelegate.swift */ = {isa = PBXFileReference; lastKnownFileType = sourcecode.swift; path = SceneDelegate.swift; sourceTree = "<group>"; };
		671403AD237C29EE0068ED88 /* ViewController.swift */ = {isa = PBXFileReference; lastKnownFileType = sourcecode.swift; path = ViewController.swift; sourceTree = "<group>"; };
		671403B0237C29EE0068ED88 /* Base */ = {isa = PBXFileReference; lastKnownFileType = file.storyboard; name = Base; path = Base.lproj/Main.storyboard; sourceTree = "<group>"; };
		671403B2237C29F20068ED88 /* Assets.xcassets */ = {isa = PBXFileReference; lastKnownFileType = folder.assetcatalog; path = Assets.xcassets; sourceTree = "<group>"; };
		671403B5237C29F20068ED88 /* Base */ = {isa = PBXFileReference; lastKnownFileType = file.storyboard; name = Base; path = Base.lproj/LaunchScreen.storyboard; sourceTree = "<group>"; };
		671403B7237C29F20068ED88 /* Info.plist */ = {isa = PBXFileReference; lastKnownFileType = text.plist.xml; path = Info.plist; sourceTree = "<group>"; };
		671403BC237C29F20068ED88 /* AlamofireTestTests.xctest */ = {isa = PBXFileReference; explicitFileType = wrapper.cfbundle; includeInIndex = 0; path = AlamofireTestTests.xctest; sourceTree = BUILT_PRODUCTS_DIR; };
		671403C0237C29F30068ED88 /* AlamofireTestTests.swift */ = {isa = PBXFileReference; lastKnownFileType = sourcecode.swift; path = AlamofireTestTests.swift; sourceTree = "<group>"; };
		671403C2237C29F30068ED88 /* Info.plist */ = {isa = PBXFileReference; lastKnownFileType = text.plist.xml; path = Info.plist; sourceTree = "<group>"; };
		671403C7237C29F30068ED88 /* AlamofireTestUITests.xctest */ = {isa = PBXFileReference; explicitFileType = wrapper.cfbundle; includeInIndex = 0; path = AlamofireTestUITests.xctest; sourceTree = BUILT_PRODUCTS_DIR; };
		671403CB237C29F30068ED88 /* AlamofireTestUITests.swift */ = {isa = PBXFileReference; lastKnownFileType = sourcecode.swift; path = AlamofireTestUITests.swift; sourceTree = "<group>"; };
		671403CD237C29F30068ED88 /* Info.plist */ = {isa = PBXFileReference; lastKnownFileType = text.plist.xml; path = Info.plist; sourceTree = "<group>"; };
/* End PBXFileReference section */

/* Begin PBXFrameworksBuildPhase section */
		671403A3237C29EE0068ED88 /* Frameworks */ = {
			isa = PBXFrameworksBuildPhase;
			buildActionMask = 2147483647;
			files = (
			);
			runOnlyForDeploymentPostprocessing = 0;
		};
		671403B9237C29F20068ED88 /* Frameworks */ = {
			isa = PBXFrameworksBuildPhase;
			buildActionMask = 2147483647;
			files = (
			);
			runOnlyForDeploymentPostprocessing = 0;
		};
		671403C4237C29F30068ED88 /* Frameworks */ = {
			isa = PBXFrameworksBuildPhase;
			buildActionMask = 2147483647;
			files = (
			);
			runOnlyForDeploymentPostprocessing = 0;
		};
/* End PBXFrameworksBuildPhase section */

/* Begin PBXGroup section */
		6714039D237C29EE0068ED88 = {
			isa = PBXGroup;
			children = (
				671403A8237C29EE0068ED88 /* AlamofireTest */,
				671403BF237C29F30068ED88 /* AlamofireTestTests */,
				671403CA237C29F30068ED88 /* AlamofireTestUITests */,
				671403A7237C29EE0068ED88 /* Products */,
			);
			sourceTree = "<group>";
		};
		671403A7237C29EE0068ED88 /* Products */ = {
			isa = PBXGroup;
			children = (
				671403A6237C29EE0068ED88 /* AlamofireTest.app */,
				671403BC237C29F20068ED88 /* AlamofireTestTests.xctest */,
				671403C7237C29F30068ED88 /* AlamofireTestUITests.xctest */,
			);
			name = Products;
			sourceTree = "<group>";
		};
		671403A8237C29EE0068ED88 /* AlamofireTest */ = {
			isa = PBXGroup;
			children = (
				671403A9237C29EE0068ED88 /* AppDelegate.swift */,
				671403AB237C29EE0068ED88 /* SceneDelegate.swift */,
				671403AD237C29EE0068ED88 /* ViewController.swift */,
				671403AF237C29EE0068ED88 /* Main.storyboard */,
				671403B2237C29F20068ED88 /* Assets.xcassets */,
				671403B4237C29F20068ED88 /* LaunchScreen.storyboard */,
				671403B7237C29F20068ED88 /* Info.plist */,
			);
			path = AlamofireTest;
			sourceTree = "<group>";
		};
		671403BF237C29F30068ED88 /* AlamofireTestTests */ = {
			isa = PBXGroup;
			children = (
				671403C0237C29F30068ED88 /* AlamofireTestTests.swift */,
				671403C2237C29F30068ED88 /* Info.plist */,
			);
			path = AlamofireTestTests;
			sourceTree = "<group>";
		};
		671403CA237C29F30068ED88 /* AlamofireTestUITests */ = {
			isa = PBXGroup;
			children = (
				671403CB237C29F30068ED88 /* AlamofireTestUITests.swift */,
				671403CD237C29F30068ED88 /* Info.plist */,
			);
			path = AlamofireTestUITests;
			sourceTree = "<group>";
		};
/* End PBXGroup section */

/* Begin PBXNativeTarget section */
		671403A5237C29EE0068ED88 /* AlamofireTest */ = {
			isa = PBXNativeTarget;
			buildConfigurationList = 671403D0237C29F30068ED88 /* Build configuration list for PBXNativeTarget "AlamofireTest" */;
			buildPhases = (
				671403A2237C29EE0068ED88 /* Sources */,
				671403A3237C29EE0068ED88 /* Frameworks */,
				671403A4237C29EE0068ED88 /* Resources */,
			);
			buildRules = (
			);
			dependencies = (
			);
			name = AlamofireTest;
			productName = AlamofireTest;
			productReference = 671403A6237C29EE0068ED88 /* AlamofireTest.app */;
			productType = "com.apple.product-type.application";
		};
		671403BB237C29F20068ED88 /* AlamofireTestTests */ = {
			isa = PBXNativeTarget;
			buildConfigurationList = 671403D3237C29F30068ED88 /* Build configuration list for PBXNativeTarget "AlamofireTestTests" */;
			buildPhases = (
				671403B8237C29F20068ED88 /* Sources */,
				671403B9237C29F20068ED88 /* Frameworks */,
				671403BA237C29F20068ED88 /* Resources */,
			);
			buildRules = (
			);
			dependencies = (
				671403BE237C29F20068ED88 /* PBXTargetDependency */,
			);
			name = AlamofireTestTests;
			productName = AlamofireTestTests;
			productReference = 671403BC237C29F20068ED88 /* AlamofireTestTests.xctest */;
			productType = "com.apple.product-type.bundle.unit-test";
		};
		671403C6237C29F30068ED88 /* AlamofireTestUITests */ = {
			isa = PBXNativeTarget;
			buildConfigurationList = 671403D6237C29F30068ED88 /* Build configuration list for PBXNativeTarget "AlamofireTestUITests" */;
			buildPhases = (
				671403C3237C29F30068ED88 /* Sources */,
				671403C4237C29F30068ED88 /* Frameworks */,
				671403C5237C29F30068ED88 /* Resources */,
			);
			buildRules = (
			);
			dependencies = (
				671403C9237C29F30068ED88 /* PBXTargetDependency */,
			);
			name = AlamofireTestUITests;
			productName = AlamofireTestUITests;
			productReference = 671403C7237C29F30068ED88 /* AlamofireTestUITests.xctest */;
			productType = "com.apple.product-type.bundle.ui-testing";
		};
/* End PBXNativeTarget section */

/* Begin PBXProject section */
		6714039E237C29EE0068ED88 /* Project object */ = {
			isa = PBXProject;
			attributes = {
				LastSwiftUpdateCheck = 1120;
				LastUpgradeCheck = 1120;
				ORGANIZATIONNAME = fukase;
				TargetAttributes = {
					671403A5237C29EE0068ED88 = {
						CreatedOnToolsVersion = 11.2.1;
					};
					671403BB237C29F20068ED88 = {
						CreatedOnToolsVersion = 11.2.1;
						TestTargetID = 671403A5237C29EE0068ED88;
					};
					671403C6237C29F30068ED88 = {
						CreatedOnToolsVersion = 11.2.1;
						TestTargetID = 671403A5237C29EE0068ED88;
					};
				};
			};
			buildConfigurationList = 671403A1237C29EE0068ED88 /* Build configuration list for PBXProject "AlamofireTest" */;
			compatibilityVersion = "Xcode 9.3";
			developmentRegion = en;
			hasScannedForEncodings = 0;
			knownRegions = (
				en,
				Base,
			);
			mainGroup = 6714039D237C29EE0068ED88;
			productRefGroup = 671403A7237C29EE0068ED88 /* Products */;
			projectDirPath = "";
			projectRoot = "";
			targets = (
				671403A5237C29EE0068ED88 /* AlamofireTest */,
				671403BB237C29F20068ED88 /* AlamofireTestTests */,
				671403C6237C29F30068ED88 /* AlamofireTestUITests */,
			);
		};
/* End PBXProject section */

/* Begin PBXResourcesBuildPhase section */
		671403A4237C29EE0068ED88 /* Resources */ = {
			isa = PBXResourcesBuildPhase;
			buildActionMask = 2147483647;
			files = (
				671403B6237C29F20068ED88 /* LaunchScreen.storyboard in Resources */,
				671403B3237C29F20068ED88 /* Assets.xcassets in Resources */,
				671403B1237C29EE0068ED88 /* Main.storyboard in Resources */,
			);
			runOnlyForDeploymentPostprocessing = 0;
		};
		671403BA237C29F20068ED88 /* Resources */ = {
			isa = PBXResourcesBuildPhase;
			buildActionMask = 2147483647;
			files = (
			);
			runOnlyForDeploymentPostprocessing = 0;
		};
		671403C5237C29F30068ED88 /* Resources */ = {
			isa = PBXResourcesBuildPhase;
			buildActionMask = 2147483647;
			files = (
			);
			runOnlyForDeploymentPostprocessing = 0;
		};
/* End PBXResourcesBuildPhase section */

/* Begin PBXSourcesBuildPhase section */
		671403A2237C29EE0068ED88 /* Sources */ = {
			isa = PBXSourcesBuildPhase;
			buildActionMask = 2147483647;
			files = (
				671403AE237C29EE0068ED88 /* ViewController.swift in Sources */,
				671403AA237C29EE0068ED88 /* AppDelegate.swift in Sources */,
				671403AC237C29EE0068ED88 /* SceneDelegate.swift in Sources */,
			);
			runOnlyForDeploymentPostprocessing = 0;
		};
		671403B8237C29F20068ED88 /* Sources */ = {
			isa = PBXSourcesBuildPhase;
			buildActionMask = 2147483647;
			files = (
				671403C1237C29F30068ED88 /* AlamofireTestTests.swift in Sources */,
			);
			runOnlyForDeploymentPostprocessing = 0;
		};
		671403C3237C29F30068ED88 /* Sources */ = {
			isa = PBXSourcesBuildPhase;
			buildActionMask = 2147483647;
			files = (
				671403CC237C29F30068ED88 /* AlamofireTestUITests.swift in Sources */,
			);
			runOnlyForDeploymentPostprocessing = 0;
		};
/* End PBXSourcesBuildPhase section */

/* Begin PBXTargetDependency section */
		671403BE237C29F20068ED88 /* PBXTargetDependency */ = {
			isa = PBXTargetDependency;
			target = 671403A5237C29EE0068ED88 /* AlamofireTest */;
			targetProxy = 671403BD237C29F20068ED88 /* PBXContainerItemProxy */;
		};
		671403C9237C29F30068ED88 /* PBXTargetDependency */ = {
			isa = PBXTargetDependency;
			target = 671403A5237C29EE0068ED88 /* AlamofireTest */;
			targetProxy = 671403C8237C29F30068ED88 /* PBXContainerItemProxy */;
		};
/* End PBXTargetDependency section */

/* Begin PBXVariantGroup section */
		671403AF237C29EE0068ED88 /* Main.storyboard */ = {
			isa = PBXVariantGroup;
			children = (
				671403B0237C29EE0068ED88 /* Base */,
			);
			name = Main.storyboard;
			sourceTree = "<group>";
		};
		671403B4237C29F20068ED88 /* LaunchScreen.storyboard */ = {
			isa = PBXVariantGroup;
			children = (
				671403B5237C29F20068ED88 /* Base */,
			);
			name = LaunchScreen.storyboard;
			sourceTree = "<group>";
		};
/* End PBXVariantGroup section */

/* Begin XCBuildConfiguration section */
		671403CE237C29F30068ED88 /* Debug */ = {
			isa = XCBuildConfiguration;
			buildSettings = {
				ALWAYS_SEARCH_USER_PATHS = NO;
				CLANG_ANALYZER_NONNULL = YES;
				CLANG_ANALYZER_NUMBER_OBJECT_CONVERSION = YES_AGGRESSIVE;
				CLANG_CXX_LANGUAGE_STANDARD = "gnu++14";
				CLANG_CXX_LIBRARY = "libc++";
				CLANG_ENABLE_MODULES = YES;
				CLANG_ENABLE_OBJC_ARC = YES;
				CLANG_ENABLE_OBJC_WEAK = YES;
				CLANG_WARN_BLOCK_CAPTURE_AUTORELEASING = YES;
				CLANG_WARN_BOOL_CONVERSION = YES;
				CLANG_WARN_COMMA = YES;
				CLANG_WARN_CONSTANT_CONVERSION = YES;
				CLANG_WARN_DEPRECATED_OBJC_IMPLEMENTATIONS = YES;
				CLANG_WARN_DIRECT_OBJC_ISA_USAGE = YES_ERROR;
				CLANG_WARN_DOCUMENTATION_COMMENTS = YES;
				CLANG_WARN_EMPTY_BODY = YES;
				CLANG_WARN_ENUM_CONVERSION = YES;
				CLANG_WARN_INFINITE_RECURSION = YES;
				CLANG_WARN_INT_CONVERSION = YES;
				CLANG_WARN_NON_LITERAL_NULL_CONVERSION = YES;
				CLANG_WARN_OBJC_IMPLICIT_RETAIN_SELF = YES;
				CLANG_WARN_OBJC_LITERAL_CONVERSION = YES;
				CLANG_WARN_OBJC_ROOT_CLASS = YES_ERROR;
				CLANG_WARN_RANGE_LOOP_ANALYSIS = YES;
				CLANG_WARN_STRICT_PROTOTYPES = YES;
				CLANG_WARN_SUSPICIOUS_MOVE = YES;
				CLANG_WARN_UNGUARDED_AVAILABILITY = YES_AGGRESSIVE;
				CLANG_WARN_UNREACHABLE_CODE = YES;
				CLANG_WARN__DUPLICATE_METHOD_MATCH = YES;
				COPY_PHASE_STRIP = NO;
				DEBUG_INFORMATION_FORMAT = dwarf;
				ENABLE_STRICT_OBJC_MSGSEND = YES;
				ENABLE_TESTABILITY = YES;
				GCC_C_LANGUAGE_STANDARD = gnu11;
				GCC_DYNAMIC_NO_PIC = NO;
				GCC_NO_COMMON_BLOCKS = YES;
				GCC_OPTIMIZATION_LEVEL = 0;
				GCC_PREPROCESSOR_DEFINITIONS = (
					"DEBUG=1",
					"$(inherited)",
				);
				GCC_WARN_64_TO_32_BIT_CONVERSION = YES;
				GCC_WARN_ABOUT_RETURN_TYPE = YES_ERROR;
				GCC_WARN_UNDECLARED_SELECTOR = YES;
				GCC_WARN_UNINITIALIZED_AUTOS = YES_AGGRESSIVE;
				GCC_WARN_UNUSED_FUNCTION = YES;
				GCC_WARN_UNUSED_VARIABLE = YES;
				IPHONEOS_DEPLOYMENT_TARGET = 13.2;
				MTL_ENABLE_DEBUG_INFO = INCLUDE_SOURCE;
				MTL_FAST_MATH = YES;
				ONLY_ACTIVE_ARCH = YES;
				SDKROOT = iphoneos;
				SWIFT_ACTIVE_COMPILATION_CONDITIONS = DEBUG;
				SWIFT_OPTIMIZATION_LEVEL = "-Onone";
			};
			name = Debug;
		};
		671403CF237C29F30068ED88 /* Release */ = {
			isa = XCBuildConfiguration;
			buildSettings = {
				ALWAYS_SEARCH_USER_PATHS = NO;
				CLANG_ANALYZER_NONNULL = YES;
				CLANG_ANALYZER_NUMBER_OBJECT_CONVERSION = YES_AGGRESSIVE;
				CLANG_CXX_LANGUAGE_STANDARD = "gnu++14";
				CLANG_CXX_LIBRARY = "libc++";
				CLANG_ENABLE_MODULES = YES;
				CLANG_ENABLE_OBJC_ARC = YES;
				CLANG_ENABLE_OBJC_WEAK = YES;
				CLANG_WARN_BLOCK_CAPTURE_AUTORELEASING = YES;
				CLANG_WARN_BOOL_CONVERSION = YES;
				CLANG_WARN_COMMA = YES;
				CLANG_WARN_CONSTANT_CONVERSION = YES;
				CLANG_WARN_DEPRECATED_OBJC_IMPLEMENTATIONS = YES;
				CLANG_WARN_DIRECT_OBJC_ISA_USAGE = YES_ERROR;
				CLANG_WARN_DOCUMENTATION_COMMENTS = YES;
				CLANG_WARN_EMPTY_BODY = YES;
				CLANG_WARN_ENUM_CONVERSION = YES;
				CLANG_WARN_INFINITE_RECURSION = YES;
				CLANG_WARN_INT_CONVERSION = YES;
				CLANG_WARN_NON_LITERAL_NULL_CONVERSION = YES;
				CLANG_WARN_OBJC_IMPLICIT_RETAIN_SELF = YES;
				CLANG_WARN_OBJC_LITERAL_CONVERSION = YES;
				CLANG_WARN_OBJC_ROOT_CLASS = YES_ERROR;
				CLANG_WARN_RANGE_LOOP_ANALYSIS = YES;
				CLANG_WARN_STRICT_PROTOTYPES = YES;
				CLANG_WARN_SUSPICIOUS_MOVE = YES;
				CLANG_WARN_UNGUARDED_AVAILABILITY = YES_AGGRESSIVE;
				CLANG_WARN_UNREACHABLE_CODE = YES;
				CLANG_WARN__DUPLICATE_METHOD_MATCH = YES;
				COPY_PHASE_STRIP = NO;
				DEBUG_INFORMATION_FORMAT = "dwarf-with-dsym";
				ENABLE_NS_ASSERTIONS = NO;
				ENABLE_STRICT_OBJC_MSGSEND = YES;
				GCC_C_LANGUAGE_STANDARD = gnu11;
				GCC_NO_COMMON_BLOCKS = YES;
				GCC_WARN_64_TO_32_BIT_CONVERSION = YES;
				GCC_WARN_ABOUT_RETURN_TYPE = YES_ERROR;
				GCC_WARN_UNDECLARED_SELECTOR = YES;
				GCC_WARN_UNINITIALIZED_AUTOS = YES_AGGRESSIVE;
				GCC_WARN_UNUSED_FUNCTION = YES;
				GCC_WARN_UNUSED_VARIABLE = YES;
				IPHONEOS_DEPLOYMENT_TARGET = 13.2;
				MTL_ENABLE_DEBUG_INFO = NO;
				MTL_FAST_MATH = YES;
				SDKROOT = iphoneos;
				SWIFT_COMPILATION_MODE = wholemodule;
				SWIFT_OPTIMIZATION_LEVEL = "-O";
				VALIDATE_PRODUCT = YES;
			};
			name = Release;
		};
		671403D1237C29F30068ED88 /* Debug */ = {
			isa = XCBuildConfiguration;
			buildSettings = {
				ASSETCATALOG_COMPILER_APPICON_NAME = AppIcon;
				CODE_SIGN_STYLE = Automatic;
				INFOPLIST_FILE = AlamofireTest/Info.plist;
				LD_RUNPATH_SEARCH_PATHS = (
					"$(inherited)",
					"@executable_path/Frameworks",
				);
				PRODUCT_BUNDLE_IDENTIFIER = com.fukase.AlamofireTest;
				PRODUCT_NAME = "$(TARGET_NAME)";
				SWIFT_VERSION = 5.0;
				TARGETED_DEVICE_FAMILY = "1,2";
			};
			name = Debug;
		};
		671403D2237C29F30068ED88 /* Release */ = {
			isa = XCBuildConfiguration;
			buildSettings = {
				ASSETCATALOG_COMPILER_APPICON_NAME = AppIcon;
				CODE_SIGN_STYLE = Automatic;
				INFOPLIST_FILE = AlamofireTest/Info.plist;
				LD_RUNPATH_SEARCH_PATHS = (
					"$(inherited)",
					"@executable_path/Frameworks",
				);
				PRODUCT_BUNDLE_IDENTIFIER = com.fukase.AlamofireTest;
				PRODUCT_NAME = "$(TARGET_NAME)";
				SWIFT_VERSION = 5.0;
				TARGETED_DEVICE_FAMILY = "1,2";
			};
			name = Release;
		};
		671403D4237C29F30068ED88 /* Debug */ = {
			isa = XCBuildConfiguration;
			buildSettings = {
				ALWAYS_EMBED_SWIFT_STANDARD_LIBRARIES = YES;
				BUNDLE_LOADER = "$(TEST_HOST)";
				CODE_SIGN_STYLE = Automatic;
				INFOPLIST_FILE = AlamofireTestTests/Info.plist;
				IPHONEOS_DEPLOYMENT_TARGET = 13.2;
				LD_RUNPATH_SEARCH_PATHS = (
					"$(inherited)",
					"@executable_path/Frameworks",
					"@loader_path/Frameworks",
				);
				PRODUCT_BUNDLE_IDENTIFIER = com.fukase.AlamofireTestTests;
				PRODUCT_NAME = "$(TARGET_NAME)";
				SWIFT_VERSION = 5.0;
				TARGETED_DEVICE_FAMILY = "1,2";
				TEST_HOST = "$(BUILT_PRODUCTS_DIR)/AlamofireTest.app/AlamofireTest";
			};
			name = Debug;
		};
		671403D5237C29F30068ED88 /* Release */ = {
			isa = XCBuildConfiguration;
			buildSettings = {
				ALWAYS_EMBED_SWIFT_STANDARD_LIBRARIES = YES;
				BUNDLE_LOADER = "$(TEST_HOST)";
				CODE_SIGN_STYLE = Automatic;
				INFOPLIST_FILE = AlamofireTestTests/Info.plist;
				IPHONEOS_DEPLOYMENT_TARGET = 13.2;
				LD_RUNPATH_SEARCH_PATHS = (
					"$(inherited)",
					"@executable_path/Frameworks",
					"@loader_path/Frameworks",
				);
				PRODUCT_BUNDLE_IDENTIFIER = com.fukase.AlamofireTestTests;
				PRODUCT_NAME = "$(TARGET_NAME)";
				SWIFT_VERSION = 5.0;
				TARGETED_DEVICE_FAMILY = "1,2";
				TEST_HOST = "$(BUILT_PRODUCTS_DIR)/AlamofireTest.app/AlamofireTest";
			};
			name = Release;
		};
		671403D7237C29F30068ED88 /* Debug */ = {
			isa = XCBuildConfiguration;
			buildSettings = {
				ALWAYS_EMBED_SWIFT_STANDARD_LIBRARIES = YES;
				CODE_SIGN_STYLE = Automatic;
				INFOPLIST_FILE = AlamofireTestUITests/Info.plist;
				LD_RUNPATH_SEARCH_PATHS = (
					"$(inherited)",
					"@executable_path/Frameworks",
					"@loader_path/Frameworks",
				);
				PRODUCT_BUNDLE_IDENTIFIER = com.fukase.AlamofireTestUITests;
				PRODUCT_NAME = "$(TARGET_NAME)";
				SWIFT_VERSION = 5.0;
				TARGETED_DEVICE_FAMILY = "1,2";
				TEST_TARGET_NAME = AlamofireTest;
			};
			name = Debug;
		};
		671403D8237C29F30068ED88 /* Release */ = {
			isa = XCBuildConfiguration;
			buildSettings = {
				ALWAYS_EMBED_SWIFT_STANDARD_LIBRARIES = YES;
				CODE_SIGN_STYLE = Automatic;
				INFOPLIST_FILE = AlamofireTestUITests/Info.plist;
				LD_RUNPATH_SEARCH_PATHS = (
					"$(inherited)",
					"@executable_path/Frameworks",
					"@loader_path/Frameworks",
				);
				PRODUCT_BUNDLE_IDENTIFIER = com.fukase.AlamofireTestUITests;
				PRODUCT_NAME = "$(TARGET_NAME)";
				SWIFT_VERSION = 5.0;
				TARGETED_DEVICE_FAMILY = "1,2";
				TEST_TARGET_NAME = AlamofireTest;
			};
			name = Release;
		};
/* End XCBuildConfiguration section */

/* Begin XCConfigurationList section */
		671403A1237C29EE0068ED88 /* Build configuration list for PBXProject "AlamofireTest" */ = {
			isa = XCConfigurationList;
			buildConfigurations = (
				671403CE237C29F30068ED88 /* Debug */,
				671403CF237C29F30068ED88 /* Release */,
			);
			defaultConfigurationIsVisible = 0;
			defaultConfigurationName = Release;
		};
		671403D0237C29F30068ED88 /* Build configuration list for PBXNativeTarget "AlamofireTest" */ = {
			isa = XCConfigurationList;
			buildConfigurations = (
				671403D1237C29F30068ED88 /* Debug */,
				671403D2237C29F30068ED88 /* Release */,
			);
			defaultConfigurationIsVisible = 0;
			defaultConfigurationName = Release;
		};
		671403D3237C29F30068ED88 /* Build configuration list for PBXNativeTarget "AlamofireTestTests" */ = {
			isa = XCConfigurationList;
			buildConfigurations = (
				671403D4237C29F30068ED88 /* Debug */,
				671403D5237C29F30068ED88 /* Release */,
			);
			defaultConfigurationIsVisible = 0;
			defaultConfigurationName = Release;
		};
		671403D6237C29F30068ED88 /* Build configuration list for PBXNativeTarget "AlamofireTestUITests" */ = {
			isa = XCConfigurationList;
			buildConfigurations = (
				671403D7237C29F30068ED88 /* Debug */,
				671403D8237C29F30068ED88 /* Release */,
			);
			defaultConfigurationIsVisible = 0;
			defaultConfigurationName = Release;
		};
/* End XCConfigurationList section */
	};
	rootObject = 6714039E237C29EE0068ED88 /* Project object */;
}
